// !$*UTF8*$!
{
	archiveVersion = 1;
	classes = {
	};
	objectVersion = 56;
	objects = {

/* Begin PBXBuildFile section */
		CB189CB72B9FEE29004AE728 /* ProfileViewController.swift in Sources */ = {isa = PBXBuildFile; fileRef = CB189CB62B9FEE29004AE728 /* ProfileViewController.swift */; };
		CB4F2EA62B9F914C0048D19C /* QuadraticViewController.swift in Sources */ = {isa = PBXBuildFile; fileRef = CB4F2EA52B9F914C0048D19C /* QuadraticViewController.swift */; };
		CB5353022B9F6F4000E15E94 /* Lab2ViewController.swift in Sources */ = {isa = PBXBuildFile; fileRef = CB5353012B9F6F4000E15E94 /* Lab2ViewController.swift */; };
		CB5977142B9EFC5400D7E8FC /* Lab3ViewController.swift in Sources */ = {isa = PBXBuildFile; fileRef = CB5977132B9EFC5400D7E8FC /* Lab3ViewController.swift */; };
		CB5977162B9EFED800D7E8FC /* CanadaCitiesViewController.swift in Sources */ = {isa = PBXBuildFile; fileRef = CB5977152B9EFED800D7E8FC /* CanadaCitiesViewController.swift */; };
		CBD0A0A22B95737100F3AAE3 /* AppDelegate.swift in Sources */ = {isa = PBXBuildFile; fileRef = CBD0A0A12B95737100F3AAE3 /* AppDelegate.swift */; };
		CBD0A0A42B95737100F3AAE3 /* SceneDelegate.swift in Sources */ = {isa = PBXBuildFile; fileRef = CBD0A0A32B95737100F3AAE3 /* SceneDelegate.swift */; };
		CBD0A0A62B95737100F3AAE3 /* Lab4ViewController.swift in Sources */ = {isa = PBXBuildFile; fileRef = CBD0A0A52B95737100F3AAE3 /* Lab4ViewController.swift */; };
		CBD0A0A92B95737100F3AAE3 /* Main.storyboard in Resources */ = {isa = PBXBuildFile; fileRef = CBD0A0A72B95737100F3AAE3 /* Main.storyboard */; };
		CBD0A0AC2B95737100F3AAE3 /* Smit_Patel_MT_8965581.xcdatamodeld in Sources */ = {isa = PBXBuildFile; fileRef = CBD0A0AA2B95737100F3AAE3 /* Smit_Patel_MT_8965581.xcdatamodeld */; };
		CBD0A0AE2B95737200F3AAE3 /* Assets.xcassets in Resources */ = {isa = PBXBuildFile; fileRef = CBD0A0AD2B95737200F3AAE3 /* Assets.xcassets */; };
		CBD0A0B12B95737200F3AAE3 /* LaunchScreen.storyboard in Resources */ = {isa = PBXBuildFile; fileRef = CBD0A0AF2B95737200F3AAE3 /* LaunchScreen.storyboard */; };
		CBD0A0BC2B95737200F3AAE3 /* Smit_Patel_MT_8965581Tests.swift in Sources */ = {isa = PBXBuildFile; fileRef = CBD0A0BB2B95737200F3AAE3 /* Smit_Patel_MT_8965581Tests.swift */; };
		CBD0A0C62B95737200F3AAE3 /* Smit_Patel_MT_8965581UITests.swift in Sources */ = {isa = PBXBuildFile; fileRef = CBD0A0C52B95737200F3AAE3 /* Smit_Patel_MT_8965581UITests.swift */; };
		CBD0A0C82B95737200F3AAE3 /* Smit_Patel_MT_8965581UITestsLaunchTests.swift in Sources */ = {isa = PBXBuildFile; fileRef = CBD0A0C72B95737200F3AAE3 /* Smit_Patel_MT_8965581UITestsLaunchTests.swift */; };
/* End PBXBuildFile section */

/* Begin PBXContainerItemProxy section */
		CBD0A0B82B95737200F3AAE3 /* PBXContainerItemProxy */ = {
			isa = PBXContainerItemProxy;
			containerPortal = CBD0A0962B95737100F3AAE3 /* Project object */;
			proxyType = 1;
			remoteGlobalIDString = CBD0A09D2B95737100F3AAE3;
			remoteInfo = Smit_Patel_MT_8965581;
		};
		CBD0A0C22B95737200F3AAE3 /* PBXContainerItemProxy */ = {
			isa = PBXContainerItemProxy;
			containerPortal = CBD0A0962B95737100F3AAE3 /* Project object */;
			proxyType = 1;
			remoteGlobalIDString = CBD0A09D2B95737100F3AAE3;
			remoteInfo = Smit_Patel_MT_8965581;
		};
/* End PBXContainerItemProxy section */

/* Begin PBXFileReference section */
		CB189CB62B9FEE29004AE728 /* ProfileViewController.swift */ = {isa = PBXFileReference; lastKnownFileType = sourcecode.swift; path = ProfileViewController.swift; sourceTree = "<group>"; };
		CB4F2EA52B9F914C0048D19C /* QuadraticViewController.swift */ = {isa = PBXFileReference; lastKnownFileType = sourcecode.swift; path = QuadraticViewController.swift; sourceTree = "<group>"; };
		CB5353012B9F6F4000E15E94 /* Lab2ViewController.swift */ = {isa = PBXFileReference; lastKnownFileType = sourcecode.swift; path = Lab2ViewController.swift; sourceTree = "<group>"; };
		CB5977132B9EFC5400D7E8FC /* Lab3ViewController.swift */ = {isa = PBXFileReference; lastKnownFileType = sourcecode.swift; path = Lab3ViewController.swift; sourceTree = "<group>"; };
		CB5977152B9EFED800D7E8FC /* CanadaCitiesViewController.swift */ = {isa = PBXFileReference; lastKnownFileType = sourcecode.swift; path = CanadaCitiesViewController.swift; sourceTree = "<group>"; };
		CBD0A09E2B95737100F3AAE3 /* Smit_Patel_MT_8965581.app */ = {isa = PBXFileReference; explicitFileType = wrapper.application; includeInIndex = 0; path = Smit_Patel_MT_8965581.app; sourceTree = BUILT_PRODUCTS_DIR; };
		CBD0A0A12B95737100F3AAE3 /* AppDelegate.swift */ = {isa = PBXFileReference; lastKnownFileType = sourcecode.swift; path = AppDelegate.swift; sourceTree = "<group>"; };
		CBD0A0A32B95737100F3AAE3 /* SceneDelegate.swift */ = {isa = PBXFileReference; lastKnownFileType = sourcecode.swift; path = SceneDelegate.swift; sourceTree = "<group>"; };
		CBD0A0A52B95737100F3AAE3 /* Lab4ViewController.swift */ = {isa = PBXFileReference; lastKnownFileType = sourcecode.swift; path = Lab4ViewController.swift; sourceTree = "<group>"; };
		CBD0A0A82B95737100F3AAE3 /* Base */ = {isa = PBXFileReference; lastKnownFileType = file.storyboard; name = Base; path = Base.lproj/Main.storyboard; sourceTree = "<group>"; };
		CBD0A0AB2B95737100F3AAE3 /* Smit_Patel_MT_8965581.xcdatamodel */ = {isa = PBXFileReference; lastKnownFileType = wrapper.xcdatamodel; path = Smit_Patel_MT_8965581.xcdatamodel; sourceTree = "<group>"; };
		CBD0A0AD2B95737200F3AAE3 /* Assets.xcassets */ = {isa = PBXFileReference; lastKnownFileType = folder.assetcatalog; path = Assets.xcassets; sourceTree = "<group>"; };
		CBD0A0B02B95737200F3AAE3 /* Base */ = {isa = PBXFileReference; lastKnownFileType = file.storyboard; name = Base; path = Base.lproj/LaunchScreen.storyboard; sourceTree = "<group>"; };
		CBD0A0B22B95737200F3AAE3 /* Info.plist */ = {isa = PBXFileReference; lastKnownFileType = text.plist.xml; path = Info.plist; sourceTree = "<group>"; };
		CBD0A0B72B95737200F3AAE3 /* Smit_Patel_MT_8965581Tests.xctest */ = {isa = PBXFileReference; explicitFileType = wrapper.cfbundle; includeInIndex = 0; path = Smit_Patel_MT_8965581Tests.xctest; sourceTree = BUILT_PRODUCTS_DIR; };
		CBD0A0BB2B95737200F3AAE3 /* Smit_Patel_MT_8965581Tests.swift */ = {isa = PBXFileReference; lastKnownFileType = sourcecode.swift; path = Smit_Patel_MT_8965581Tests.swift; sourceTree = "<group>"; };
		CBD0A0C12B95737200F3AAE3 /* Smit_Patel_MT_8965581UITests.xctest */ = {isa = PBXFileReference; explicitFileType = wrapper.cfbundle; includeInIndex = 0; path = Smit_Patel_MT_8965581UITests.xctest; sourceTree = BUILT_PRODUCTS_DIR; };
		CBD0A0C52B95737200F3AAE3 /* Smit_Patel_MT_8965581UITests.swift */ = {isa = PBXFileReference; lastKnownFileType = sourcecode.swift; path = Smit_Patel_MT_8965581UITests.swift; sourceTree = "<group>"; };
		CBD0A0C72B95737200F3AAE3 /* Smit_Patel_MT_8965581UITestsLaunchTests.swift */ = {isa = PBXFileReference; lastKnownFileType = sourcecode.swift; path = Smit_Patel_MT_8965581UITestsLaunchTests.swift; sourceTree = "<group>"; };
/* End PBXFileReference section */

/* Begin PBXFrameworksBuildPhase section */
		CBD0A09B2B95737100F3AAE3 /* Frameworks */ = {
			isa = PBXFrameworksBuildPhase;
			buildActionMask = 2147483647;
			files = (
			);
			runOnlyForDeploymentPostprocessing = 0;
		};
		CBD0A0B42B95737200F3AAE3 /* Frameworks */ = {
			isa = PBXFrameworksBuildPhase;
			buildActionMask = 2147483647;
			files = (
			);
			runOnlyForDeploymentPostprocessing = 0;
		};
		CBD0A0BE2B95737200F3AAE3 /* Frameworks */ = {
			isa = PBXFrameworksBuildPhase;
			buildActionMask = 2147483647;
			files = (
			);
			runOnlyForDeploymentPostprocessing = 0;
		};
/* End PBXFrameworksBuildPhase section */

/* Begin PBXGroup section */
		CBD0A0952B95737100F3AAE3 = {
			isa = PBXGroup;
			children = (
				CBD0A0A02B95737100F3AAE3 /* Smit_Patel_MT_8965581 */,
				CBD0A0BA2B95737200F3AAE3 /* Smit_Patel_MT_8965581Tests */,
				CBD0A0C42B95737200F3AAE3 /* Smit_Patel_MT_8965581UITests */,
				CBD0A09F2B95737100F3AAE3 /* Products */,
			);
			sourceTree = "<group>";
		};
		CBD0A09F2B95737100F3AAE3 /* Products */ = {
			isa = PBXGroup;
			children = (
				CBD0A09E2B95737100F3AAE3 /* Smit_Patel_MT_8965581.app */,
				CBD0A0B72B95737200F3AAE3 /* Smit_Patel_MT_8965581Tests.xctest */,
				CBD0A0C12B95737200F3AAE3 /* Smit_Patel_MT_8965581UITests.xctest */,
			);
			name = Products;
			sourceTree = "<group>";
		};
		CBD0A0A02B95737100F3AAE3 /* Smit_Patel_MT_8965581 */ = {
			isa = PBXGroup;
			children = (
				CBD0A0A12B95737100F3AAE3 /* AppDelegate.swift */,
				CBD0A0A32B95737100F3AAE3 /* SceneDelegate.swift */,
				CBD0A0A52B95737100F3AAE3 /* Lab4ViewController.swift */,
				CBD0A0A72B95737100F3AAE3 /* Main.storyboard */,
				CB189CB62B9FEE29004AE728 /* ProfileViewController.swift */,
				CB4F2EA52B9F914C0048D19C /* QuadraticViewController.swift */,
				CB5353012B9F6F4000E15E94 /* Lab2ViewController.swift */,
				CB5977152B9EFED800D7E8FC /* CanadaCitiesViewController.swift */,
				CB5977132B9EFC5400D7E8FC /* Lab3ViewController.swift */,
				CBD0A0AD2B95737200F3AAE3 /* Assets.xcassets */,
				CBD0A0AF2B95737200F3AAE3 /* LaunchScreen.storyboard */,
				CBD0A0B22B95737200F3AAE3 /* Info.plist */,
				CBD0A0AA2B95737100F3AAE3 /* Smit_Patel_MT_8965581.xcdatamodeld */,
			);
			path = Smit_Patel_MT_8965581;
			sourceTree = "<group>";
		};
		CBD0A0BA2B95737200F3AAE3 /* Smit_Patel_MT_8965581Tests */ = {
			isa = PBXGroup;
			children = (
				CBD0A0BB2B95737200F3AAE3 /* Smit_Patel_MT_8965581Tests.swift */,
			);
			path = Smit_Patel_MT_8965581Tests;
			sourceTree = "<group>";
		};
		CBD0A0C42B95737200F3AAE3 /* Smit_Patel_MT_8965581UITests */ = {
			isa = PBXGroup;
			children = (
				CBD0A0C52B95737200F3AAE3 /* Smit_Patel_MT_8965581UITests.swift */,
				CBD0A0C72B95737200F3AAE3 /* Smit_Patel_MT_8965581UITestsLaunchTests.swift */,
			);
			path = Smit_Patel_MT_8965581UITests;
			sourceTree = "<group>";
		};
/* End PBXGroup section */

/* Begin PBXNativeTarget section */
		CBD0A09D2B95737100F3AAE3 /* Smit_Patel_MT_8965581 */ = {
			isa = PBXNativeTarget;
			buildConfigurationList = CBD0A0CB2B95737200F3AAE3 /* Build configuration list for PBXNativeTarget "Smit_Patel_MT_8965581" */;
			buildPhases = (
				CBD0A09A2B95737100F3AAE3 /* Sources */,
				CBD0A09B2B95737100F3AAE3 /* Frameworks */,
				CBD0A09C2B95737100F3AAE3 /* Resources */,
			);
			buildRules = (
			);
			dependencies = (
			);
			name = Smit_Patel_MT_8965581;
			productName = Smit_Patel_MT_8965581;
			productReference = CBD0A09E2B95737100F3AAE3 /* Smit_Patel_MT_8965581.app */;
			productType = "com.apple.product-type.application";
		};
		CBD0A0B62B95737200F3AAE3 /* Smit_Patel_MT_8965581Tests */ = {
			isa = PBXNativeTarget;
			buildConfigurationList = CBD0A0CE2B95737200F3AAE3 /* Build configuration list for PBXNativeTarget "Smit_Patel_MT_8965581Tests" */;
			buildPhases = (
				CBD0A0B32B95737200F3AAE3 /* Sources */,
				CBD0A0B42B95737200F3AAE3 /* Frameworks */,
				CBD0A0B52B95737200F3AAE3 /* Resources */,
			);
			buildRules = (
			);
			dependencies = (
				CBD0A0B92B95737200F3AAE3 /* PBXTargetDependency */,
			);
			name = Smit_Patel_MT_8965581Tests;
			productName = Smit_Patel_MT_8965581Tests;
			productReference = CBD0A0B72B95737200F3AAE3 /* Smit_Patel_MT_8965581Tests.xctest */;
			productType = "com.apple.product-type.bundle.unit-test";
		};
		CBD0A0C02B95737200F3AAE3 /* Smit_Patel_MT_8965581UITests */ = {
			isa = PBXNativeTarget;
			buildConfigurationList = CBD0A0D12B95737200F3AAE3 /* Build configuration list for PBXNativeTarget "Smit_Patel_MT_8965581UITests" */;
			buildPhases = (
				CBD0A0BD2B95737200F3AAE3 /* Sources */,
				CBD0A0BE2B95737200F3AAE3 /* Frameworks */,
				CBD0A0BF2B95737200F3AAE3 /* Resources */,
			);
			buildRules = (
			);
			dependencies = (
				CBD0A0C32B95737200F3AAE3 /* PBXTargetDependency */,
			);
			name = Smit_Patel_MT_8965581UITests;
			productName = Smit_Patel_MT_8965581UITests;
			productReference = CBD0A0C12B95737200F3AAE3 /* Smit_Patel_MT_8965581UITests.xctest */;
			productType = "com.apple.product-type.bundle.ui-testing";
		};
/* End PBXNativeTarget section */

/* Begin PBXProject section */
		CBD0A0962B95737100F3AAE3 /* Project object */ = {
			isa = PBXProject;
			attributes = {
				BuildIndependentTargetsInParallel = 1;
				LastSwiftUpdateCheck = 1420;
				LastUpgradeCheck = 1420;
				TargetAttributes = {
					CBD0A09D2B95737100F3AAE3 = {
						CreatedOnToolsVersion = 14.2;
					};
					CBD0A0B62B95737200F3AAE3 = {
						CreatedOnToolsVersion = 14.2;
						TestTargetID = CBD0A09D2B95737100F3AAE3;
					};
					CBD0A0C02B95737200F3AAE3 = {
						CreatedOnToolsVersion = 14.2;
						TestTargetID = CBD0A09D2B95737100F3AAE3;
					};
				};
			};
			buildConfigurationList = CBD0A0992B95737100F3AAE3 /* Build configuration list for PBXProject "Smit_Patel_MT_8965581" */;
			compatibilityVersion = "Xcode 14.0";
			developmentRegion = en;
			hasScannedForEncodings = 0;
			knownRegions = (
				en,
				Base,
			);
			mainGroup = CBD0A0952B95737100F3AAE3;
			productRefGroup = CBD0A09F2B95737100F3AAE3 /* Products */;
			projectDirPath = "";
			projectRoot = "";
			targets = (
				CBD0A09D2B95737100F3AAE3 /* Smit_Patel_MT_8965581 */,
				CBD0A0B62B95737200F3AAE3 /* Smit_Patel_MT_8965581Tests */,
				CBD0A0C02B95737200F3AAE3 /* Smit_Patel_MT_8965581UITests */,
			);
		};
/* End PBXProject section */

/* Begin PBXResourcesBuildPhase section */
		CBD0A09C2B95737100F3AAE3 /* Resources */ = {
			isa = PBXResourcesBuildPhase;
			buildActionMask = 2147483647;
			files = (
				CBD0A0B12B95737200F3AAE3 /* LaunchScreen.storyboard in Resources */,
				CBD0A0AE2B95737200F3AAE3 /* Assets.xcassets in Resources */,
				CBD0A0A92B95737100F3AAE3 /* Main.storyboard in Resources */,
			);
			runOnlyForDeploymentPostprocessing = 0;
		};
		CBD0A0B52B95737200F3AAE3 /* Resources */ = {
			isa = PBXResourcesBuildPhase;
			buildActionMask = 2147483647;
			files = (
			);
			runOnlyForDeploymentPostprocessing = 0;
		};
		CBD0A0BF2B95737200F3AAE3 /* Resources */ = {
			isa = PBXResourcesBuildPhase;
			buildActionMask = 2147483647;
			files = (
			);
			runOnlyForDeploymentPostprocessing = 0;
		};
/* End PBXResourcesBuildPhase section */

/* Begin PBXSourcesBuildPhase section */
		CBD0A09A2B95737100F3AAE3 /* Sources */ = {
			isa = PBXSourcesBuildPhase;
			buildActionMask = 2147483647;
			files = (
				CB5977162B9EFED800D7E8FC /* CanadaCitiesViewController.swift in Sources */,
				CB5353022B9F6F4000E15E94 /* Lab2ViewController.swift in Sources */,
				CBD0A0A62B95737100F3AAE3 /* Lab4ViewController.swift in Sources */,
				CBD0A0AC2B95737100F3AAE3 /* Smit_Patel_MT_8965581.xcdatamodeld in Sources */,
				CB5977142B9EFC5400D7E8FC /* Lab3ViewController.swift in Sources */,
				CB4F2EA62B9F914C0048D19C /* QuadraticViewController.swift in Sources */,
				CB189CB72B9FEE29004AE728 /* ProfileViewController.swift in Sources */,
				CBD0A0A22B95737100F3AAE3 /* AppDelegate.swift in Sources */,
				CBD0A0A42B95737100F3AAE3 /* SceneDelegate.swift in Sources */,
			);
			runOnlyForDeploymentPostprocessing = 0;
		};
		CBD0A0B32B95737200F3AAE3 /* Sources */ = {
			isa = PBXSourcesBuildPhase;
			buildActionMask = 2147483647;
			files = (
				CBD0A0BC2B95737200F3AAE3 /* Smit_Patel_MT_8965581Tests.swift in Sources */,
			);
			runOnlyForDeploymentPostprocessing = 0;
		};
		CBD0A0BD2B95737200F3AAE3 /* Sources */ = {
			isa = PBXSourcesBuildPhase;
			buildActionMask = 2147483647;
			files = (
				CBD0A0C82B95737200F3AAE3 /* Smit_Patel_MT_8965581UITestsLaunchTests.swift in Sources */,
				CBD0A0C62B95737200F3AAE3 /* Smit_Patel_MT_8965581UITests.swift in Sources */,
			);
			runOnlyForDeploymentPostprocessing = 0;
		};
/* End PBXSourcesBuildPhase section */

/* Begin PBXTargetDependency section */
		CBD0A0B92B95737200F3AAE3 /* PBXTargetDependency */ = {
			isa = PBXTargetDependency;
			target = CBD0A09D2B95737100F3AAE3 /* Smit_Patel_MT_8965581 */;
			targetProxy = CBD0A0B82B95737200F3AAE3 /* PBXContainerItemProxy */;
		};
		CBD0A0C32B95737200F3AAE3 /* PBXTargetDependency */ = {
			isa = PBXTargetDependency;
			target = CBD0A09D2B95737100F3AAE3 /* Smit_Patel_MT_8965581 */;
			targetProxy = CBD0A0C22B95737200F3AAE3 /* PBXContainerItemProxy */;
		};
/* End PBXTargetDependency section */

/* Begin PBXVariantGroup section */
		CBD0A0A72B95737100F3AAE3 /* Main.storyboard */ = {
			isa = PBXVariantGroup;
			children = (
				CBD0A0A82B95737100F3AAE3 /* Base */,
			);
			name = Main.storyboard;
			sourceTree = "<group>";
		};
		CBD0A0AF2B95737200F3AAE3 /* LaunchScreen.storyboard */ = {
			isa = PBXVariantGroup;
			children = (
				CBD0A0B02B95737200F3AAE3 /* Base */,
			);
			name = LaunchScreen.storyboard;
			sourceTree = "<group>";
		};
/* End PBXVariantGroup section */

/* Begin XCBuildConfiguration section */
		CBD0A0C92B95737200F3AAE3 /* Debug */ = {
			isa = XCBuildConfiguration;
			buildSettings = {
				ALWAYS_SEARCH_USER_PATHS = NO;
				CLANG_ANALYZER_NONNULL = YES;
				CLANG_ANALYZER_NUMBER_OBJECT_CONVERSION = YES_AGGRESSIVE;
				CLANG_CXX_LANGUAGE_STANDARD = "gnu++20";
				CLANG_ENABLE_MODULES = YES;
				CLANG_ENABLE_OBJC_ARC = YES;
				CLANG_ENABLE_OBJC_WEAK = YES;
				CLANG_WARN_BLOCK_CAPTURE_AUTORELEASING = YES;
				CLANG_WARN_BOOL_CONVERSION = YES;
				CLANG_WARN_COMMA = YES;
				CLANG_WARN_CONSTANT_CONVERSION = YES;
				CLANG_WARN_DEPRECATED_OBJC_IMPLEMENTATIONS = YES;
				CLANG_WARN_DIRECT_OBJC_ISA_USAGE = YES_ERROR;
				CLANG_WARN_DOCUMENTATION_COMMENTS = YES;
				CLANG_WARN_EMPTY_BODY = YES;
				CLANG_WARN_ENUM_CONVERSION = YES;
				CLANG_WARN_INFINITE_RECURSION = YES;
				CLANG_WARN_INT_CONVERSION = YES;
				CLANG_WARN_NON_LITERAL_NULL_CONVERSION = YES;
				CLANG_WARN_OBJC_IMPLICIT_RETAIN_SELF = YES;
				CLANG_WARN_OBJC_LITERAL_CONVERSION = YES;
				CLANG_WARN_OBJC_ROOT_CLASS = YES_ERROR;
				CLANG_WARN_QUOTED_INCLUDE_IN_FRAMEWORK_HEADER = YES;
				CLANG_WARN_RANGE_LOOP_ANALYSIS = YES;
				CLANG_WARN_STRICT_PROTOTYPES = YES;
				CLANG_WARN_SUSPICIOUS_MOVE = YES;
				CLANG_WARN_UNGUARDED_AVAILABILITY = YES_AGGRESSIVE;
				CLANG_WARN_UNREACHABLE_CODE = YES;
				CLANG_WARN__DUPLICATE_METHOD_MATCH = YES;
				COPY_PHASE_STRIP = NO;
				DEBUG_INFORMATION_FORMAT = dwarf;
				ENABLE_STRICT_OBJC_MSGSEND = YES;
				ENABLE_TESTABILITY = YES;
				GCC_C_LANGUAGE_STANDARD = gnu11;
				GCC_DYNAMIC_NO_PIC = NO;
				GCC_NO_COMMON_BLOCKS = YES;
				GCC_OPTIMIZATION_LEVEL = 0;
				GCC_PREPROCESSOR_DEFINITIONS = (
					"DEBUG=1",
					"$(inherited)",
				);
				GCC_WARN_64_TO_32_BIT_CONVERSION = YES;
				GCC_WARN_ABOUT_RETURN_TYPE = YES_ERROR;
				GCC_WARN_UNDECLARED_SELECTOR = YES;
				GCC_WARN_UNINITIALIZED_AUTOS = YES_AGGRESSIVE;
				GCC_WARN_UNUSED_FUNCTION = YES;
				GCC_WARN_UNUSED_VARIABLE = YES;
				IPHONEOS_DEPLOYMENT_TARGET = 16.2;
				MTL_ENABLE_DEBUG_INFO = INCLUDE_SOURCE;
				MTL_FAST_MATH = YES;
				ONLY_ACTIVE_ARCH = YES;
				SDKROOT = iphoneos;
				SWIFT_ACTIVE_COMPILATION_CONDITIONS = DEBUG;
				SWIFT_OPTIMIZATION_LEVEL = "-Onone";
			};
			name = Debug;
		};
		CBD0A0CA2B95737200F3AAE3 /* Release */ = {
			isa = XCBuildConfiguration;
			buildSettings = {
				ALWAYS_SEARCH_USER_PATHS = NO;
				CLANG_ANALYZER_NONNULL = YES;
				CLANG_ANALYZER_NUMBER_OBJECT_CONVERSION = YES_AGGRESSIVE;
				CLANG_CXX_LANGUAGE_STANDARD = "gnu++20";
				CLANG_ENABLE_MODULES = YES;
				CLANG_ENABLE_OBJC_ARC = YES;
				CLANG_ENABLE_OBJC_WEAK = YES;
				CLANG_WARN_BLOCK_CAPTURE_AUTORELEASING = YES;
				CLANG_WARN_BOOL_CONVERSION = YES;
				CLANG_WARN_COMMA = YES;
				CLANG_WARN_CONSTANT_CONVERSION = YES;
				CLANG_WARN_DEPRECATED_OBJC_IMPLEMENTATIONS = YES;
				CLANG_WARN_DIRECT_OBJC_ISA_USAGE = YES_ERROR;
				CLANG_WARN_DOCUMENTATION_COMMENTS = YES;
				CLANG_WARN_EMPTY_BODY = YES;
				CLANG_WARN_ENUM_CONVERSION = YES;
				CLANG_WARN_INFINITE_RECURSION = YES;
				CLANG_WARN_INT_CONVERSION = YES;
				CLANG_WARN_NON_LITERAL_NULL_CONVERSION = YES;
				CLANG_WARN_OBJC_IMPLICIT_RETAIN_SELF = YES;
				CLANG_WARN_OBJC_LITERAL_CONVERSION = YES;
				CLANG_WARN_OBJC_ROOT_CLASS = YES_ERROR;
				CLANG_WARN_QUOTED_INCLUDE_IN_FRAMEWORK_HEADER = YES;
				CLANG_WARN_RANGE_LOOP_ANALYSIS = YES;
				CLANG_WARN_STRICT_PROTOTYPES = YES;
				CLANG_WARN_SUSPICIOUS_MOVE = YES;
				CLANG_WARN_UNGUARDED_AVAILABILITY = YES_AGGRESSIVE;
				CLANG_WARN_UNREACHABLE_CODE = YES;
				CLANG_WARN__DUPLICATE_METHOD_MATCH = YES;
				COPY_PHASE_STRIP = NO;
				DEBUG_INFORMATION_FORMAT = "dwarf-with-dsym";
				ENABLE_NS_ASSERTIONS = NO;
				ENABLE_STRICT_OBJC_MSGSEND = YES;
				GCC_C_LANGUAGE_STANDARD = gnu11;
				GCC_NO_COMMON_BLOCKS = YES;
				GCC_WARN_64_TO_32_BIT_CONVERSION = YES;
				GCC_WARN_ABOUT_RETURN_TYPE = YES_ERROR;
				GCC_WARN_UNDECLARED_SELECTOR = YES;
				GCC_WARN_UNINITIALIZED_AUTOS = YES_AGGRESSIVE;
				GCC_WARN_UNUSED_FUNCTION = YES;
				GCC_WARN_UNUSED_VARIABLE = YES;
				IPHONEOS_DEPLOYMENT_TARGET = 16.2;
				MTL_ENABLE_DEBUG_INFO = NO;
				MTL_FAST_MATH = YES;
				SDKROOT = iphoneos;
				SWIFT_COMPILATION_MODE = wholemodule;
				SWIFT_OPTIMIZATION_LEVEL = "-O";
				VALIDATE_PRODUCT = YES;
			};
			name = Release;
		};
		CBD0A0CC2B95737200F3AAE3 /* Debug */ = {
			isa = XCBuildConfiguration;
			buildSettings = {
				ASSETCATALOG_COMPILER_APPICON_NAME = AppIcon;
				ASSETCATALOG_COMPILER_GLOBAL_ACCENT_COLOR_NAME = AccentColor;
				CODE_SIGN_STYLE = Automatic;
				CURRENT_PROJECT_VERSION = 1;
				GENERATE_INFOPLIST_FILE = YES;
				INFOPLIST_FILE = Smit_Patel_MT_8965581/Info.plist;
				INFOPLIST_KEY_UIApplicationSupportsIndirectInputEvents = YES;
				INFOPLIST_KEY_UILaunchStoryboardName = LaunchScreen;
				INFOPLIST_KEY_UIMainStoryboardFile = Main;
				INFOPLIST_KEY_UISupportedInterfaceOrientations = UIInterfaceOrientationPortrait;
				LD_RUNPATH_SEARCH_PATHS = (
					"$(inherited)",
					"@executable_path/Frameworks",
				);
				MARKETING_VERSION = 1.0;
				PRODUCT_BUNDLE_IDENTIFIER = "com.conestoga.Smit-Patel-MT-8965581";
				PRODUCT_NAME = "$(TARGET_NAME)";
				SUPPORTED_PLATFORMS = "iphoneos iphonesimulator";
				SUPPORTS_MACCATALYST = NO;
				SUPPORTS_MAC_DESIGNED_FOR_IPHONE_IPAD = NO;
				SWIFT_EMIT_LOC_STRINGS = YES;
				SWIFT_VERSION = 5.0;
				TARGETED_DEVICE_FAMILY = 1;
			};
			name = Debug;
		};
		CBD0A0CD2B95737200F3AAE3 /* Release */ = {
			isa = XCBuildConfiguration;
			buildSettings = {
				ASSETCATALOG_COMPILER_APPICON_NAME = AppIcon;
				ASSETCATALOG_COMPILER_GLOBAL_ACCENT_COLOR_NAME = AccentColor;
				CODE_SIGN_STYLE = Automatic;
				CURRENT_PROJECT_VERSION = 1;
				GENERATE_INFOPLIST_FILE = YES;
				INFOPLIST_FILE = Smit_Patel_MT_8965581/Info.plist;
				INFOPLIST_KEY_UIApplicationSupportsIndirectInputEvents = YES;
				INFOPLIST_KEY_UILaunchStoryboardName = LaunchScreen;
				INFOPLIST_KEY_UIMainStoryboardFile = Main;
				INFOPLIST_KEY_UISupportedInterfaceOrientations = UIInterfaceOrientationPortrait;
				LD_RUNPATH_SEARCH_PATHS = (
					"$(inherited)",
					"@executable_path/Frameworks",
				);
				MARKETING_VERSION = 1.0;
				PRODUCT_BUNDLE_IDENTIFIER = "com.conestoga.Smit-Patel-MT-8965581";
				PRODUCT_NAME = "$(TARGET_NAME)";
				SUPPORTED_PLATFORMS = "iphoneos iphonesimulator";
				SUPPORTS_MACCATALYST = NO;
				SUPPORTS_MAC_DESIGNED_FOR_IPHONE_IPAD = NO;
				SWIFT_EMIT_LOC_STRINGS = YES;
				SWIFT_VERSION = 5.0;
				TARGETED_DEVICE_FAMILY = 1;
			};
			name = Release;
		};
		CBD0A0CF2B95737200F3AAE3 /* Debug */ = {
			isa = XCBuildConfiguration;
			buildSettings = {
				ALWAYS_EMBED_SWIFT_STANDARD_LIBRARIES = YES;
				BUNDLE_LOADER = "$(TEST_HOST)";
				CODE_SIGN_STYLE = Automatic;
				CURRENT_PROJECT_VERSION = 1;
				GENERATE_INFOPLIST_FILE = YES;
				IPHONEOS_DEPLOYMENT_TARGET = 16.2;
				MARKETING_VERSION = 1.0;
				PRODUCT_BUNDLE_IDENTIFIER = "com.conestoga.Smit-Patel-MT-8965581Tests";
				PRODUCT_NAME = "$(TARGET_NAME)";
				SWIFT_EMIT_LOC_STRINGS = NO;
				SWIFT_VERSION = 5.0;
				TARGETED_DEVICE_FAMILY = "1,2";
				TEST_HOST = "$(BUILT_PRODUCTS_DIR)/Smit_Patel_MT_8965581.app/$(BUNDLE_EXECUTABLE_FOLDER_PATH)/Smit_Patel_MT_8965581";
			};
			name = Debug;
		};
		CBD0A0D02B95737200F3AAE3 /* Release */ = {
			isa = XCBuildConfiguration;
			buildSettings = {
				ALWAYS_EMBED_SWIFT_STANDARD_LIBRARIES = YES;
				BUNDLE_LOADER = "$(TEST_HOST)";
				CODE_SIGN_STYLE = Automatic;
				CURRENT_PROJECT_VERSION = 1;
				GENERATE_INFOPLIST_FILE = YES;
				IPHONEOS_DEPLOYMENT_TARGET = 16.2;
				MARKETING_VERSION = 1.0;
				PRODUCT_BUNDLE_IDENTIFIER = "com.conestoga.Smit-Patel-MT-8965581Tests";
				PRODUCT_NAME = "$(TARGET_NAME)";
				SWIFT_EMIT_LOC_STRINGS = NO;
				SWIFT_VERSION = 5.0;
				TARGETED_DEVICE_FAMILY = "1,2";
				TEST_HOST = "$(BUILT_PRODUCTS_DIR)/Smit_Patel_MT_8965581.app/$(BUNDLE_EXECUTABLE_FOLDER_PATH)/Smit_Patel_MT_8965581";
			};
			name = Release;
		};
		CBD0A0D22B95737200F3AAE3 /* Debug */ = {
			isa = XCBuildConfiguration;
			buildSettings = {
				ALWAYS_EMBED_SWIFT_STANDARD_LIBRARIES = YES;
				CODE_SIGN_STYLE = Automatic;
				CURRENT_PROJECT_VERSION = 1;
				GENERATE_INFOPLIST_FILE = YES;
				MARKETING_VERSION = 1.0;
				PRODUCT_BUNDLE_IDENTIFIER = "com.conestoga.Smit-Patel-MT-8965581UITests";
				PRODUCT_NAME = "$(TARGET_NAME)";
				SWIFT_EMIT_LOC_STRINGS = NO;
				SWIFT_VERSION = 5.0;
				TARGETED_DEVICE_FAMILY = "1,2";
				TEST_TARGET_NAME = Smit_Patel_MT_8965581;
			};
			name = Debug;
		};
		CBD0A0D32B95737200F3AAE3 /* Release */ = {
			isa = XCBuildConfiguration;
			buildSettings = {
				ALWAYS_EMBED_SWIFT_STANDARD_LIBRARIES = YES;
				CODE_SIGN_STYLE = Automatic;
				CURRENT_PROJECT_VERSION = 1;
				GENERATE_INFOPLIST_FILE = YES;
				MARKETING_VERSION = 1.0;
				PRODUCT_BUNDLE_IDENTIFIER = "com.conestoga.Smit-Patel-MT-8965581UITests";
				PRODUCT_NAME = "$(TARGET_NAME)";
				SWIFT_EMIT_LOC_STRINGS = NO;
				SWIFT_VERSION = 5.0;
				TARGETED_DEVICE_FAMILY = "1,2";
				TEST_TARGET_NAME = Smit_Patel_MT_8965581;
			};
			name = Release;
		};
/* End XCBuildConfiguration section */

/* Begin XCConfigurationList section */
		CBD0A0992B95737100F3AAE3 /* Build configuration list for PBXProject "Smit_Patel_MT_8965581" */ = {
			isa = XCConfigurationList;
			buildConfigurations = (
				CBD0A0C92B95737200F3AAE3 /* Debug */,
				CBD0A0CA2B95737200F3AAE3 /* Release */,
			);
			defaultConfigurationIsVisible = 0;
			defaultConfigurationName = Release;
		};
		CBD0A0CB2B95737200F3AAE3 /* Build configuration list for PBXNativeTarget "Smit_Patel_MT_8965581" */ = {
			isa = XCConfigurationList;
			buildConfigurations = (
				CBD0A0CC2B95737200F3AAE3 /* Debug */,
				CBD0A0CD2B95737200F3AAE3 /* Release */,
			);
			defaultConfigurationIsVisible = 0;
			defaultConfigurationName = Release;
		};
		CBD0A0CE2B95737200F3AAE3 /* Build configuration list for PBXNativeTarget "Smit_Patel_MT_8965581Tests" */ = {
			isa = XCConfigurationList;
			buildConfigurations = (
				CBD0A0CF2B95737200F3AAE3 /* Debug */,
				CBD0A0D02B95737200F3AAE3 /* Release */,
			);
			defaultConfigurationIsVisible = 0;
			defaultConfigurationName = Release;
		};
		CBD0A0D12B95737200F3AAE3 /* Build configuration list for PBXNativeTarget "Smit_Patel_MT_8965581UITests" */ = {
			isa = XCConfigurationList;
			buildConfigurations = (
				CBD0A0D22B95737200F3AAE3 /* Debug */,
				CBD0A0D32B95737200F3AAE3 /* Release */,
			);
			defaultConfigurationIsVisible = 0;
			defaultConfigurationName = Release;
		};
/* End XCConfigurationList section */

/* Begin XCVersionGroup section */
		CBD0A0AA2B95737100F3AAE3 /* Smit_Patel_MT_8965581.xcdatamodeld */ = {
			isa = XCVersionGroup;
			children = (
				CBD0A0AB2B95737100F3AAE3 /* Smit_Patel_MT_8965581.xcdatamodel */,
			);
			currentVersion = CBD0A0AB2B95737100F3AAE3 /* Smit_Patel_MT_8965581.xcdatamodel */;
			path = Smit_Patel_MT_8965581.xcdatamodeld;
			sourceTree = "<group>";
			versionGroupType = wrapper.xcdatamodel;
		};
/* End XCVersionGroup section */
	};
	rootObject = CBD0A0962B95737100F3AAE3 /* Project object */;
}
